# This file is autogenerated, do not edit; changes may be undone by the next 'dep ensure'.


[[projects]]
  digest = "1:2ca73053216eb11c8eea2855c8099ad82773638522f91cc0542ec9759163ff3c"
  name = "github.com/nats-io/go-nats"
  packages = [
    ".",
    "encoders/builtin",
    "util",
  ]
  pruneopts = "UT"
  revision = "70fe06cee50d4b6f98248d9675fb55f2a3aa7228"
  version = "v1.7.2"

[[projects]]
  digest = "1:b9e6e06a31517887500397910762de2a9ef09f43fe24c7684838248503570ae2"
  name = "github.com/nats-io/nkeys"
  packages = ["."]
  pruneopts = "UT"
  revision = "44384414044304395985410ff55ed78cbf0b09a8"
  version = "v0.3.0"

[[projects]]
  digest = "1:599f3202ce0a754144ddc4be4c6df9c6ab27b1d722a63ede6b2e0c3a2cc338a8"
  name = "github.com/nats-io/nuid"
  packages = ["."]
  pruneopts = "UT"
  revision = "4b96681fa6d28dd0ab5fe79bac63b3a493d9ee94"
  version = "v1.0.1"

[[projects]]
  branch = "master"
  digest = "1:583c79d35b828d719efa8544dc7de2abeea3025b47890371e2225c7d7f2934ad"
  name = "golang.org/x/crypto"
  packages = ["ed25519"]
  pruneopts = "UT"
  revision = "4161e89ecf1b4f3413a75e017ee689d0c5a3192a"

[solve-meta]
  analyzer-name = "dep"
  analyzer-version = 1
  input-imports = ["github.com/nats-io/go-nats"]
  solver-name = "gps-cdcl"
  solver-version = 1
